Microsoft Visual Studio Solution File, Format Version 7.00
Project("{8BC9CEB8-8B4A-11D0-8D11-00A0C91BC942}") = "lpg.generator.cpp", "lpg.generator.cpp.vcproj", "{0D85D7AF-A45F-4721-B895-679A3C1D6C0C}"
EndProject
Global
	GlobalSection(SolutionConfiguration) = preSolution
		ConfigName.0 = Debug
		ConfigName.1 = Release
	EndGlobalSection
	GlobalSection(ProjectDependencies) = postSolution
	EndGlobalSection
	GlobalSection(ProjectConfiguration) = postSolution
		{0D85D7AF-A45F-4721-B895-679A3C1D6C0C}.Debug.ActiveCfg = Debug|Win32
		{0D85D7AF-A45F-4721-B895-679A3C1D6C0C}.Debug.Build.0 = Debug|Win32
		{0D85D7AF-A45F-4721-B895-679A3C1D6C0C}.Release.ActiveCfg = Release|Win32
		{0D85D7AF-A45F-4721-B895-679A3C1D6C0C}.Release.Build.0 = Release|Win32
	EndGlobalSection
	GlobalSection(ExtensibilityGlobals) = postSolution
	EndGlobalSection
	GlobalSection(ExtensibilityAddIns) = postSolution
	EndGlobalSection
EndGlobal
